
Microsoft Visual Studio Solution File, Format Version 12.00
# Visual Studio Version 16
VisualStudioVersion = 16.0.30717.126
MinimumVisualStudioVersion = 10.0.40219.1
Project("{8BC9CEB8-8B4A-11D0-8D11-00A0C91BC942}") = "AGP Project", "AGP Project\AGP Project.vcxproj", "{CFA110E6-92B2-4F01-8F4B-E8CB28ED87FB}"
EndProject
Global
	GlobalSection(SolutionConfigurationPlatforms) = preSolution
		Debug|x64 = Debug|x64
		Release|x64 = Release|x64
	EndGlobalSection
	GlobalSection(ProjectConfigurationPlatforms) = postSolution
		{CFA110E6-92B2-4F01-8F4B-E8CB28ED87FB}.Debug|x64.ActiveCfg = Debug|x64
		{CFA110E6-92B2-4F01-8F4B-E8CB28ED87FB}.Debug|x64.Build.0 = Debug|x64
		{CFA110E6-92B2-4F01-8F4B-E8CB28ED87FB}.Release|x64.ActiveCfg = Release|x64
		{CFA110E6-92B2-4F01-8F4B-E8CB28ED87FB}.Release|x64.Build.0 = Release|x64
	EndGlobalSection
	GlobalSection(SolutionProperties) = preSolution
		HideSolutionNode = FALSE
	EndGlobalSection
	GlobalSection(ExtensibilityGlobals) = postSolution
		SolutionGuid = {245D1941-1228-4049-9A01-5E7CAF080C19}
	EndGlobalSection
EndGlobal
